
Microsoft Visual Studio Solution File, Format Version 12.00
# Visual Studio Version 16
VisualStudioVersion = 16.0.31613.86
MinimumVisualStudioVersion = 10.0.40219.1
Project("{FAE04EC0-301F-11D3-BF4B-00C04F79EFBC}") = "Linterna.Android", "Linterna.Android\Linterna.Android.csproj", "{FA4D703C-9758-42A9-AC42-21562B4D6736}"
EndProject
Project("{FAE04EC0-301F-11D3-BF4B-00C04F79EFBC}") = "Linterna.iOS", "Linterna.iOS\Linterna.iOS.csproj", "{50F7E79C-0D82-4DE0-91B5-6B1CD9504F84}"
EndProject
Project("{FAE04EC0-301F-11D3-BF4B-00C04F79EFBC}") = "Linterna", "Linterna\Linterna.csproj", "{8CD2B3AA-ACF8-4D4F-BD90-C7D24E57F908}"
EndProject
Global
	GlobalSection(SolutionConfigurationPlatforms) = preSolution
		Debug|Any CPU = Debug|Any CPU
		Debug|iPhone = Debug|iPhone
		Debug|iPhoneSimulator = Debug|iPhoneSimulator
		Release|Any CPU = Release|Any CPU
		Release|iPhone = Release|iPhone
		Release|iPhoneSimulator = Release|iPhoneSimulator
	EndGlobalSection
	GlobalSection(ProjectConfigurationPlatforms) = postSolution
		{FA4D703C-9758-42A9-AC42-21562B4D6736}.Debug|Any CPU.ActiveCfg = Debug|Any CPU
		{FA4D703C-9758-42A9-AC42-21562B4D6736}.Debug|Any CPU.Build.0 = Debug|Any CPU
		{FA4D703C-9758-42A9-AC42-21562B4D6736}.Debug|Any CPU.Deploy.0 = Debug|Any CPU
		{FA4D703C-9758-42A9-AC42-21562B4D6736}.Debug|iPhone.ActiveCfg = Debug|Any CPU
		{FA4D703C-9758-42A9-AC42-21562B4D6736}.Debug|iPhone.Build.0 = Debug|Any CPU
		{FA4D703C-9758-42A9-AC42-21562B4D6736}.Debug|iPhone.Deploy.0 = Debug|Any CPU
		{FA4D703C-9758-42A9-AC42-21562B4D6736}.Debug|iPhoneSimulator.ActiveCfg = Debug|Any CPU
		{FA4D703C-9758-42A9-AC42-21562B4D6736}.Debug|iPhoneSimulator.Build.0 = Debug|Any CPU
		{FA4D703C-9758-42A9-AC42-21562B4D6736}.Debug|iPhoneSimulator.Deploy.0 = Debug|Any CPU
		{FA4D703C-9758-42A9-AC42-21562B4D6736}.Release|Any CPU.ActiveCfg = Release|Any CPU
		{FA4D703C-9758-42A9-AC42-21562B4D6736}.Release|Any CPU.Build.0 = Release|Any CPU
		{FA4D703C-9758-42A9-AC42-21562B4D6736}.Release|Any CPU.Deploy.0 = Release|Any CPU
		{FA4D703C-9758-42A9-AC42-21562B4D6736}.Release|iPhone.ActiveCfg = Release|Any CPU
		{FA4D703C-9758-42A9-AC42-21562B4D6736}.Release|iPhone.Build.0 = Release|Any CPU
		{FA4D703C-9758-42A9-AC42-21562B4D6736}.Release|iPhone.Deploy.0 = Release|Any CPU
		{FA4D703C-9758-42A9-AC42-21562B4D6736}.Release|iPhoneSimulator.ActiveCfg = Release|Any CPU
		{FA4D703C-9758-42A9-AC42-21562B4D6736}.Release|iPhoneSimulator.Build.0 = Release|Any CPU
		{FA4D703C-9758-42A9-AC42-21562B4D6736}.Release|iPhoneSimulator.Deploy.0 = Release|Any CPU
		{50F7E79C-0D82-4DE0-91B5-6B1CD9504F84}.Debug|Any CPU.ActiveCfg = Debug|iPhone
		{50F7E79C-0D82-4DE0-91B5-6B1CD9504F84}.Debug|Any CPU.Build.0 = Debug|iPhone
		{50F7E79C-0D82-4DE0-91B5-6B1CD9504F84}.Debug|Any CPU.Deploy.0 = Debug|iPhone
		{50F7E79C-0D82-4DE0-91B5-6B1CD9504F84}.Debug|iPhone.ActiveCfg = Debug|iPhone
		{50F7E79C-0D82-4DE0-91B5-6B1CD9504F84}.Debug|iPhone.Build.0 = Debug|iPhone
		{50F7E79C-0D82-4DE0-91B5-6B1CD9504F84}.Debug|iPhone.Deploy.0 = Debug|iPhone
		{50F7E79C-0D82-4DE0-91B5-6B1CD9504F84}.Debug|iPhoneSimulator.ActiveCfg = Debug|iPhoneSimulator
		{50F7E79C-0D82-4DE0-91B5-6B1CD9504F84}.Debug|iPhoneSimulator.Build.0 = Debug|iPhoneSimulator
		{50F7E79C-0D82-4DE0-91B5-6B1CD9504F84}.Debug|iPhoneSimulator.Deploy.0 = Debug|iPhoneSimulator
		{50F7E79C-0D82-4DE0-91B5-6B1CD9504F84}.Release|Any CPU.ActiveCfg = Release|iPhoneSimulator
		{50F7E79C-0D82-4DE0-91B5-6B1CD9504F84}.Release|Any CPU.Build.0 = Release|iPhoneSimulator
		{50F7E79C-0D82-4DE0-91B5-6B1CD9504F84}.Release|Any CPU.Deploy.0 = Release|iPhoneSimulator
		{50F7E79C-0D82-4DE0-91B5-6B1CD9504F84}.Release|iPhone.ActiveCfg = Release|iPhone
		{50F7E79C-0D82-4DE0-91B5-6B1CD9504F84}.Release|iPhone.Build.0 = Release|iPhone
		{50F7E79C-0D82-4DE0-91B5-6B1CD9504F84}.Release|iPhone.Deploy.0 = Release|iPhone
		{50F7E79C-0D82-4DE0-91B5-6B1CD9504F84}.Release|iPhoneSimulator.ActiveCfg = Release|iPhoneSimulator
		{50F7E79C-0D82-4DE0-91B5-6B1CD9504F84}.Release|iPhoneSimulator.Build.0 = Release|iPhoneSimulator
		{50F7E79C-0D82-4DE0-91B5-6B1CD9504F84}.Release|iPhoneSimulator.Deploy.0 = Release|iPhoneSimulator
		{8CD2B3AA-ACF8-4D4F-BD90-C7D24E57F908}.Debug|Any CPU.ActiveCfg = Debug|Any CPU
		{8CD2B3AA-ACF8-4D4F-BD90-C7D24E57F908}.Debug|Any CPU.Build.0 = Debug|Any CPU
		{8CD2B3AA-ACF8-4D4F-BD90-C7D24E57F908}.Debug|Any CPU.Deploy.0 = Debug|Any CPU
		{8CD2B3AA-ACF8-4D4F-BD90-C7D24E57F908}.Debug|iPhone.ActiveCfg = Debug|Any CPU
		{8CD2B3AA-ACF8-4D4F-BD90-C7D24E57F908}.Debug|iPhone.Build.0 = Debug|Any CPU
		{8CD2B3AA-ACF8-4D4F-BD90-C7D24E57F908}.Debug|iPhone.Deploy.0 = Debug|Any CPU
		{8CD2B3AA-ACF8-4D4F-BD90-C7D24E57F908}.Debug|iPhoneSimulator.ActiveCfg = Debug|Any CPU
		{8CD2B3AA-ACF8-4D4F-BD90-C7D24E57F908}.Debug|iPhoneSimulator.Build.0 = Debug|Any CPU
		{8CD2B3AA-ACF8-4D4F-BD90-C7D24E57F908}.Debug|iPhoneSimulator.Deploy.0 = Debug|Any CPU
		{8CD2B3AA-ACF8-4D4F-BD90-C7D24E57F908}.Release|Any CPU.ActiveCfg = Release|Any CPU
		{8CD2B3AA-ACF8-4D4F-BD90-C7D24E57F908}.Release|Any CPU.Build.0 = Release|Any CPU
		{8CD2B3AA-ACF8-4D4F-BD90-C7D24E57F908}.Release|Any CPU.Deploy.0 = Release|Any CPU
		{8CD2B3AA-ACF8-4D4F-BD90-C7D24E57F908}.Release|iPhone.ActiveCfg = Release|Any CPU
		{8CD2B3AA-ACF8-4D4F-BD90-C7D24E57F908}.Release|iPhone.Build.0 = Release|Any CPU
		{8CD2B3AA-ACF8-4D4F-BD90-C7D24E57F908}.Release|iPhone.Deploy.0 = Release|Any CPU
		{8CD2B3AA-ACF8-4D4F-BD90-C7D24E57F908}.Release|iPhoneSimulator.ActiveCfg = Release|Any CPU
		{8CD2B3AA-ACF8-4D4F-BD90-C7D24E57F908}.Release|iPhoneSimulator.Build.0 = Release|Any CPU
		{8CD2B3AA-ACF8-4D4F-BD90-C7D24E57F908}.Release|iPhoneSimulator.Deploy.0 = Release|Any CPU
	EndGlobalSection
	GlobalSection(SolutionProperties) = preSolution
		HideSolutionNode = FALSE
	EndGlobalSection
	GlobalSection(ExtensibilityGlobals) = postSolution
		SolutionGuid = {088668BA-BBB3-4E24-A32B-A296F2E86A2F}
	EndGlobalSection
EndGlobal
